{
  "name": "async-channel-example",
  "version": "1.0.0",
  "lockfileVersion": 2,
  "requires": true,
  "packages": {
    "": {
      "name": "async-channel-example",
      "version": "1.0.0",
      "license": "ISC",
      "dependencies": {
        "@eyal-shalev/async-channels": "*"
      }
    },
    "node_modules/@eyal-shalev/async-channels": {
      "version": "1.0.0-alpha17",
      "resolved": "https://npm.pkg.github.com/download/@eyal-shalev/async-channels/1.0.0-alpha17/4894a70cf79b7744223917be29b223c4aa2a738f03a314c559a2c62af91235ee",
      "integrity": "sha512-qBxZI3hbIwG+HNnBvQKJic28MkxY9gmO4As2DWg9ShAvqtUzmckVGQqHHmWFR21F/RdxQBVb2ziZ6Ic5avBM5w==",
      "license": "GPL-3.0-only"
    }
  },
  "dependencies": {
    "@eyal-shalev/async-channels": {
      "version": "1.0.0-alpha17",
      "resolved": "https://npm.pkg.github.com/download/@eyal-shalev/async-channels/1.0.0-alpha17/4894a70cf79b7744223917be29b223c4aa2a738f03a314c559a2c62af91235ee",
      "integrity": "sha512-qBxZI3hbIwG+HNnBvQKJic28MkxY9gmO4As2DWg9ShAvqtUzmckVGQqHHmWFR21F/RdxQBVb2ziZ6Ic5avBM5w=="
    }
  }
}
